
Microsoft Visual Studio Solution File, Format Version 12.00
# Visual Studio 14
VisualStudioVersion = 14.0.25420.1
MinimumVisualStudioVersion = 10.0.40219.1
Project("{FAE04EC0-301F-11D3-BF4B-00C04F79EFBC}") = "Dailyfoods", "Dailyfoods\Dailyfoods.csproj", "{412E17D4-DCDA-4210-8237-4900A8420EDF}"
EndProject
Project("{FAE04EC0-301F-11D3-BF4B-00C04F79EFBC}") = "DailyFoods.Admin", "DailyFoods.Admin\DailyFoods.Admin.csproj", "{3AB9EDE9-7FD2-4A1B-8B23-D49E6EF012D3}"
EndProject
Global
	GlobalSection(SolutionConfigurationPlatforms) = preSolution
		Debug|Any CPU = Debug|Any CPU
		Release|Any CPU = Release|Any CPU
	EndGlobalSection
	GlobalSection(ProjectConfigurationPlatforms) = postSolution
		{412E17D4-DCDA-4210-8237-4900A8420EDF}.Debug|Any CPU.ActiveCfg = Debug|Any CPU
		{412E17D4-DCDA-4210-8237-4900A8420EDF}.Debug|Any CPU.Build.0 = Debug|Any CPU
		{412E17D4-DCDA-4210-8237-4900A8420EDF}.Release|Any CPU.ActiveCfg = Release|Any CPU
		{412E17D4-DCDA-4210-8237-4900A8420EDF}.Release|Any CPU.Build.0 = Release|Any CPU
		{3AB9EDE9-7FD2-4A1B-8B23-D49E6EF012D3}.Debug|Any CPU.ActiveCfg = Debug|Any CPU
		{3AB9EDE9-7FD2-4A1B-8B23-D49E6EF012D3}.Debug|Any CPU.Build.0 = Debug|Any CPU
		{3AB9EDE9-7FD2-4A1B-8B23-D49E6EF012D3}.Release|Any CPU.ActiveCfg = Release|Any CPU
		{3AB9EDE9-7FD2-4A1B-8B23-D49E6EF012D3}.Release|Any CPU.Build.0 = Release|Any CPU
	EndGlobalSection
	GlobalSection(SolutionProperties) = preSolution
		HideSolutionNode = FALSE
	EndGlobalSection
EndGlobal
